
Microsoft Visual Studio Solution File, Format Version 12.00
# Visual Studio Version 17
VisualStudioVersion = 17.14.36408.4
MinimumVisualStudioVersion = 10.0.40219.1
Project("{2150E333-8FDC-42A3-9474-1A3956D46DE8}") = "services", "services", "{02EA681E-C7D8-13C7-8484-4AC65E1B71E8}"
EndProject
Project("{2150E333-8FDC-42A3-9474-1A3956D46DE8}") = "Catalog", "Catalog", "{B7FD5A69-EDD0-437C-A9E8-C64F928D3FF9}"
EndProject
Project("{FAE04EC0-301F-11D3-BF4B-00C04F79EFBC}") = "Catalog.Api", "services\Catalog\Catalog.Api\Catalog.Api.csproj", "{8CB3204C-0D3C-4A28-B689-FC569B458E7C}"
EndProject
Project("{FAE04EC0-301F-11D3-BF4B-00C04F79EFBC}") = "Catalog.Application", "services\Catalog\Catalog.Application\Catalog.Application.csproj", "{2DD365E7-351E-4C36-9522-2CC626C0B8A7}"
EndProject
Project("{FAE04EC0-301F-11D3-BF4B-00C04F79EFBC}") = "Catalog.Core", "services\Catalog\Catalog.Core\Catalog.Core.csproj", "{B46D1594-0FDB-48D1-883E-8681B57781A1}"
EndProject
Project("{FAE04EC0-301F-11D3-BF4B-00C04F79EFBC}") = "Catalog.Infrastructure", "services\Catalog\Catalog.Infrastructure\Catalog.Infrastructure.csproj", "{3DDFC50C-A770-4B92-85F7-3F8593628445}"
EndProject
Project("{E53339B2-1760-4266-BCC7-CA923CBCF16C}") = "docker-compose", "docker-compose.dcproj", "{81DDED9D-158B-E303-5F62-77A2896D2A5A}"
EndProject
Project("{2150E333-8FDC-42A3-9474-1A3956D46DE8}") = "Basket", "Basket", "{C0A39256-BFD5-4B87-888E-32CA0634CD92}"
EndProject
Project("{FAE04EC0-301F-11D3-BF4B-00C04F79EFBC}") = "Basket.Api", "services\Basket\Basket.Api\Basket.Api.csproj", "{A8C2A17E-D4DF-478A-B9EA-D77351744B1E}"
EndProject
Project("{FAE04EC0-301F-11D3-BF4B-00C04F79EFBC}") = "Basket.Application", "services\Basket\Basket.Application\Basket.Application.csproj", "{2D750B79-9CE7-4E7E-BD55-F59A11C5EEF5}"
EndProject
Project("{FAE04EC0-301F-11D3-BF4B-00C04F79EFBC}") = "Basket.Core", "services\Basket\Basket.Core\Basket.Core.csproj", "{2A34BF9E-54F2-49E6-A46B-74FB8316AD62}"
EndProject
Project("{FAE04EC0-301F-11D3-BF4B-00C04F79EFBC}") = "Basket.Infrastructure", "services\Basket\Basket.Infrastructure\Basket.Infrastructure.csproj", "{5C97E5DB-65AA-4A51-9467-B37C52C7567A}"
EndProject
Project("{2150E333-8FDC-42A3-9474-1A3956D46DE8}") = "Discount", "Discount", "{50E26CBD-4236-4A2B-94E0-902DCB4D0BCC}"
EndProject
Project("{FAE04EC0-301F-11D3-BF4B-00C04F79EFBC}") = "Discount.Api", "services\Discount\Discount.Api\Discount.Api.csproj", "{944AE16F-AD7D-465D-9A3C-11A58FB19A48}"
EndProject
Project("{FAE04EC0-301F-11D3-BF4B-00C04F79EFBC}") = "Discount.Application", "services\Discount\Discount.Application\Discount.Application.csproj", "{E5FF993A-1AE8-4DC1-A888-52385B277887}"
EndProject
Project("{FAE04EC0-301F-11D3-BF4B-00C04F79EFBC}") = "Discount.Infrastructure", "services\Discount\Discount.Infrastructure\Discount.Infrastructure.csproj", "{E3414549-C050-46F0-B489-46B6451533DE}"
EndProject
Project("{FAE04EC0-301F-11D3-BF4B-00C04F79EFBC}") = "Discount.Core", "services\Discount\Discount.Core\Discount.Core.csproj", "{80B91438-7E74-4C7E-A8DF-C540E1A2448E}"
EndProject
Project("{2150E333-8FDC-42A3-9474-1A3956D46DE8}") = "Ordering", "Ordering", "{80F23525-CBDB-4749-AA70-A9595181CDDC}"
EndProject
Project("{FAE04EC0-301F-11D3-BF4B-00C04F79EFBC}") = "Ordering.Api", "services\Ordering\Ordering.Api\Ordering.Api.csproj", "{C017BD80-5696-42E3-A647-CDF976FFA590}"
EndProject
Project("{FAE04EC0-301F-11D3-BF4B-00C04F79EFBC}") = "Ordering.Application", "services\Ordering\Ordering.Aplication\Ordering.Application.csproj", "{49EBE809-24F1-4AF7-B08D-B69B5698B626}"
EndProject
Project("{FAE04EC0-301F-11D3-BF4B-00C04F79EFBC}") = "Ordering.Infrastructure", "services\Ordering\Ordering.Infrastructure\Ordering.Infrastructure.csproj", "{2E932853-9A10-4948-AF0B-D6231E2BDE07}"
EndProject
Project("{FAE04EC0-301F-11D3-BF4B-00C04F79EFBC}") = "Ordering.Core", "services\Ordering\Ordering.Core\Ordering.Core.csproj", "{3047D647-F1EF-4A11-B16D-303443EDB778}"
EndProject
Project("{2150E333-8FDC-42A3-9474-1A3956D46DE8}") = "Infrastructure", "Infrastructure", "{104C3F00-7B0D-4622-BE44-853250B85A8C}"
EndProject
Project("{FAE04EC0-301F-11D3-BF4B-00C04F79EFBC}") = "EventBus.Messages", "Infrastructure\EventBus.Messages\EventBus.Messages.csproj", "{C4D6D74E-B00F-4146-BA94-E43A42CA0E02}"
EndProject
Project("{FAE04EC0-301F-11D3-BF4B-00C04F79EFBC}") = "common.logging", "Infrastructure\common.logging\common.logging.csproj", "{825AEB0A-3A4A-449C-896D-4208DA7B4C6A}"
EndProject
Project("{2150E333-8FDC-42A3-9474-1A3956D46DE8}") = "ApiGateway", "ApiGateway", "{92729766-CD6A-477C-9D13-5B7672454BC0}"
EndProject
Project("{FAE04EC0-301F-11D3-BF4B-00C04F79EFBC}") = "OcelotApiGateway", "ApiGateway\OcelotApiGateway\OcelotApiGateway.csproj", "{EB3922B1-4905-4BA8-9925-58686E986F70}"
EndProject
Project("{FAE04EC0-301F-11D3-BF4B-00C04F79EFBC}") = "eShop.Identity", "Infrastructure\eShop.Identity\eShop.Identity.csproj", "{2E93840C-4105-D4A8-9D2A-DB7ABC4795E0}"
EndProject
Project("{2150E333-8FDC-42A3-9474-1A3956D46DE8}") = "nginx", "nginx", "{D5941B5D-ACE8-48B9-A8C1-34AB1E960A83}"
	ProjectSection(SolutionItems) = preProject
		ApiGateway\nginx\nginx.Dockerfile = ApiGateway\nginx\nginx.Dockerfile
		ApiGateway\nginx\nginx.local.conf = ApiGateway\nginx\nginx.local.conf
	EndProjectSection
EndProject
Global
	GlobalSection(SolutionConfigurationPlatforms) = preSolution
		Debug|Any CPU = Debug|Any CPU
		Release|Any CPU = Release|Any CPU
	EndGlobalSection
	GlobalSection(ProjectConfigurationPlatforms) = postSolution
		{8CB3204C-0D3C-4A28-B689-FC569B458E7C}.Debug|Any CPU.ActiveCfg = Debug|Any CPU
		{8CB3204C-0D3C-4A28-B689-FC569B458E7C}.Debug|Any CPU.Build.0 = Debug|Any CPU
		{8CB3204C-0D3C-4A28-B689-FC569B458E7C}.Release|Any CPU.ActiveCfg = Release|Any CPU
		{8CB3204C-0D3C-4A28-B689-FC569B458E7C}.Release|Any CPU.Build.0 = Release|Any CPU
		{2DD365E7-351E-4C36-9522-2CC626C0B8A7}.Debug|Any CPU.ActiveCfg = Debug|Any CPU
		{2DD365E7-351E-4C36-9522-2CC626C0B8A7}.Debug|Any CPU.Build.0 = Debug|Any CPU
		{2DD365E7-351E-4C36-9522-2CC626C0B8A7}.Release|Any CPU.ActiveCfg = Release|Any CPU
		{2DD365E7-351E-4C36-9522-2CC626C0B8A7}.Release|Any CPU.Build.0 = Release|Any CPU
		{B46D1594-0FDB-48D1-883E-8681B57781A1}.Debug|Any CPU.ActiveCfg = Debug|Any CPU
		{B46D1594-0FDB-48D1-883E-8681B57781A1}.Debug|Any CPU.Build.0 = Debug|Any CPU
		{B46D1594-0FDB-48D1-883E-8681B57781A1}.Release|Any CPU.ActiveCfg = Release|Any CPU
		{B46D1594-0FDB-48D1-883E-8681B57781A1}.Release|Any CPU.Build.0 = Release|Any CPU
		{3DDFC50C-A770-4B92-85F7-3F8593628445}.Debug|Any CPU.ActiveCfg = Debug|Any CPU
		{3DDFC50C-A770-4B92-85F7-3F8593628445}.Debug|Any CPU.Build.0 = Debug|Any CPU
		{3DDFC50C-A770-4B92-85F7-3F8593628445}.Release|Any CPU.ActiveCfg = Release|Any CPU
		{3DDFC50C-A770-4B92-85F7-3F8593628445}.Release|Any CPU.Build.0 = Release|Any CPU
		{81DDED9D-158B-E303-5F62-77A2896D2A5A}.Debug|Any CPU.ActiveCfg = Debug|Any CPU
		{81DDED9D-158B-E303-5F62-77A2896D2A5A}.Debug|Any CPU.Build.0 = Debug|Any CPU
		{81DDED9D-158B-E303-5F62-77A2896D2A5A}.Release|Any CPU.ActiveCfg = Release|Any CPU
		{81DDED9D-158B-E303-5F62-77A2896D2A5A}.Release|Any CPU.Build.0 = Release|Any CPU
		{A8C2A17E-D4DF-478A-B9EA-D77351744B1E}.Debug|Any CPU.ActiveCfg = Debug|Any CPU
		{A8C2A17E-D4DF-478A-B9EA-D77351744B1E}.Debug|Any CPU.Build.0 = Debug|Any CPU
		{A8C2A17E-D4DF-478A-B9EA-D77351744B1E}.Release|Any CPU.ActiveCfg = Release|Any CPU
		{A8C2A17E-D4DF-478A-B9EA-D77351744B1E}.Release|Any CPU.Build.0 = Release|Any CPU
		{2D750B79-9CE7-4E7E-BD55-F59A11C5EEF5}.Debug|Any CPU.ActiveCfg = Debug|Any CPU
		{2D750B79-9CE7-4E7E-BD55-F59A11C5EEF5}.Debug|Any CPU.Build.0 = Debug|Any CPU
		{2D750B79-9CE7-4E7E-BD55-F59A11C5EEF5}.Release|Any CPU.ActiveCfg = Release|Any CPU
		{2D750B79-9CE7-4E7E-BD55-F59A11C5EEF5}.Release|Any CPU.Build.0 = Release|Any CPU
		{2A34BF9E-54F2-49E6-A46B-74FB8316AD62}.Debug|Any CPU.ActiveCfg = Debug|Any CPU
		{2A34BF9E-54F2-49E6-A46B-74FB8316AD62}.Debug|Any CPU.Build.0 = Debug|Any CPU
		{2A34BF9E-54F2-49E6-A46B-74FB8316AD62}.Release|Any CPU.ActiveCfg = Release|Any CPU
		{2A34BF9E-54F2-49E6-A46B-74FB8316AD62}.Release|Any CPU.Build.0 = Release|Any CPU
		{5C97E5DB-65AA-4A51-9467-B37C52C7567A}.Debug|Any CPU.ActiveCfg = Debug|Any CPU
		{5C97E5DB-65AA-4A51-9467-B37C52C7567A}.Debug|Any CPU.Build.0 = Debug|Any CPU
		{5C97E5DB-65AA-4A51-9467-B37C52C7567A}.Release|Any CPU.ActiveCfg = Release|Any CPU
		{5C97E5DB-65AA-4A51-9467-B37C52C7567A}.Release|Any CPU.Build.0 = Release|Any CPU
		{944AE16F-AD7D-465D-9A3C-11A58FB19A48}.Debug|Any CPU.ActiveCfg = Debug|Any CPU
		{944AE16F-AD7D-465D-9A3C-11A58FB19A48}.Debug|Any CPU.Build.0 = Debug|Any CPU
		{944AE16F-AD7D-465D-9A3C-11A58FB19A48}.Release|Any CPU.ActiveCfg = Release|Any CPU
		{944AE16F-AD7D-465D-9A3C-11A58FB19A48}.Release|Any CPU.Build.0 = Release|Any CPU
		{E5FF993A-1AE8-4DC1-A888-52385B277887}.Debug|Any CPU.ActiveCfg = Debug|Any CPU
		{E5FF993A-1AE8-4DC1-A888-52385B277887}.Debug|Any CPU.Build.0 = Debug|Any CPU
		{E5FF993A-1AE8-4DC1-A888-52385B277887}.Release|Any CPU.ActiveCfg = Release|Any CPU
		{E5FF993A-1AE8-4DC1-A888-52385B277887}.Release|Any CPU.Build.0 = Release|Any CPU
		{E3414549-C050-46F0-B489-46B6451533DE}.Debug|Any CPU.ActiveCfg = Debug|Any CPU
		{E3414549-C050-46F0-B489-46B6451533DE}.Debug|Any CPU.Build.0 = Debug|Any CPU
		{E3414549-C050-46F0-B489-46B6451533DE}.Release|Any CPU.ActiveCfg = Release|Any CPU
		{E3414549-C050-46F0-B489-46B6451533DE}.Release|Any CPU.Build.0 = Release|Any CPU
		{80B91438-7E74-4C7E-A8DF-C540E1A2448E}.Debug|Any CPU.ActiveCfg = Debug|Any CPU
		{80B91438-7E74-4C7E-A8DF-C540E1A2448E}.Debug|Any CPU.Build.0 = Debug|Any CPU
		{80B91438-7E74-4C7E-A8DF-C540E1A2448E}.Release|Any CPU.ActiveCfg = Release|Any CPU
		{80B91438-7E74-4C7E-A8DF-C540E1A2448E}.Release|Any CPU.Build.0 = Release|Any CPU
		{C017BD80-5696-42E3-A647-CDF976FFA590}.Debug|Any CPU.ActiveCfg = Debug|Any CPU
		{C017BD80-5696-42E3-A647-CDF976FFA590}.Debug|Any CPU.Build.0 = Debug|Any CPU
		{C017BD80-5696-42E3-A647-CDF976FFA590}.Release|Any CPU.ActiveCfg = Release|Any CPU
		{C017BD80-5696-42E3-A647-CDF976FFA590}.Release|Any CPU.Build.0 = Release|Any CPU
		{49EBE809-24F1-4AF7-B08D-B69B5698B626}.Debug|Any CPU.ActiveCfg = Debug|Any CPU
		{49EBE809-24F1-4AF7-B08D-B69B5698B626}.Debug|Any CPU.Build.0 = Debug|Any CPU
		{49EBE809-24F1-4AF7-B08D-B69B5698B626}.Release|Any CPU.ActiveCfg = Release|Any CPU
		{49EBE809-24F1-4AF7-B08D-B69B5698B626}.Release|Any CPU.Build.0 = Release|Any CPU
		{2E932853-9A10-4948-AF0B-D6231E2BDE07}.Debug|Any CPU.ActiveCfg = Debug|Any CPU
		{2E932853-9A10-4948-AF0B-D6231E2BDE07}.Debug|Any CPU.Build.0 = Debug|Any CPU
		{2E932853-9A10-4948-AF0B-D6231E2BDE07}.Release|Any CPU.ActiveCfg = Release|Any CPU
		{2E932853-9A10-4948-AF0B-D6231E2BDE07}.Release|Any CPU.Build.0 = Release|Any CPU
		{3047D647-F1EF-4A11-B16D-303443EDB778}.Debug|Any CPU.ActiveCfg = Debug|Any CPU
		{3047D647-F1EF-4A11-B16D-303443EDB778}.Debug|Any CPU.Build.0 = Debug|Any CPU
		{3047D647-F1EF-4A11-B16D-303443EDB778}.Release|Any CPU.ActiveCfg = Release|Any CPU
		{3047D647-F1EF-4A11-B16D-303443EDB778}.Release|Any CPU.Build.0 = Release|Any CPU
		{C4D6D74E-B00F-4146-BA94-E43A42CA0E02}.Debug|Any CPU.ActiveCfg = Debug|Any CPU
		{C4D6D74E-B00F-4146-BA94-E43A42CA0E02}.Debug|Any CPU.Build.0 = Debug|Any CPU
		{C4D6D74E-B00F-4146-BA94-E43A42CA0E02}.Release|Any CPU.ActiveCfg = Release|Any CPU
		{C4D6D74E-B00F-4146-BA94-E43A42CA0E02}.Release|Any CPU.Build.0 = Release|Any CPU
		{825AEB0A-3A4A-449C-896D-4208DA7B4C6A}.Debug|Any CPU.ActiveCfg = Debug|Any CPU
		{825AEB0A-3A4A-449C-896D-4208DA7B4C6A}.Debug|Any CPU.Build.0 = Debug|Any CPU
		{825AEB0A-3A4A-449C-896D-4208DA7B4C6A}.Release|Any CPU.ActiveCfg = Release|Any CPU
		{825AEB0A-3A4A-449C-896D-4208DA7B4C6A}.Release|Any CPU.Build.0 = Release|Any CPU
		{EB3922B1-4905-4BA8-9925-58686E986F70}.Debug|Any CPU.ActiveCfg = Debug|Any CPU
		{EB3922B1-4905-4BA8-9925-58686E986F70}.Debug|Any CPU.Build.0 = Debug|Any CPU
		{EB3922B1-4905-4BA8-9925-58686E986F70}.Release|Any CPU.ActiveCfg = Release|Any CPU
		{EB3922B1-4905-4BA8-9925-58686E986F70}.Release|Any CPU.Build.0 = Release|Any CPU
		{2E93840C-4105-D4A8-9D2A-DB7ABC4795E0}.Debug|Any CPU.ActiveCfg = Debug|Any CPU
		{2E93840C-4105-D4A8-9D2A-DB7ABC4795E0}.Debug|Any CPU.Build.0 = Debug|Any CPU
		{2E93840C-4105-D4A8-9D2A-DB7ABC4795E0}.Release|Any CPU.ActiveCfg = Release|Any CPU
		{2E93840C-4105-D4A8-9D2A-DB7ABC4795E0}.Release|Any CPU.Build.0 = Release|Any CPU
	EndGlobalSection
	GlobalSection(SolutionProperties) = preSolution
		HideSolutionNode = FALSE
	EndGlobalSection
	GlobalSection(NestedProjects) = preSolution
		{B7FD5A69-EDD0-437C-A9E8-C64F928D3FF9} = {02EA681E-C7D8-13C7-8484-4AC65E1B71E8}
		{8CB3204C-0D3C-4A28-B689-FC569B458E7C} = {B7FD5A69-EDD0-437C-A9E8-C64F928D3FF9}
		{2DD365E7-351E-4C36-9522-2CC626C0B8A7} = {B7FD5A69-EDD0-437C-A9E8-C64F928D3FF9}
		{B46D1594-0FDB-48D1-883E-8681B57781A1} = {B7FD5A69-EDD0-437C-A9E8-C64F928D3FF9}
		{3DDFC50C-A770-4B92-85F7-3F8593628445} = {B7FD5A69-EDD0-437C-A9E8-C64F928D3FF9}
		{C0A39256-BFD5-4B87-888E-32CA0634CD92} = {02EA681E-C7D8-13C7-8484-4AC65E1B71E8}
		{A8C2A17E-D4DF-478A-B9EA-D77351744B1E} = {C0A39256-BFD5-4B87-888E-32CA0634CD92}
		{2D750B79-9CE7-4E7E-BD55-F59A11C5EEF5} = {C0A39256-BFD5-4B87-888E-32CA0634CD92}
		{2A34BF9E-54F2-49E6-A46B-74FB8316AD62} = {C0A39256-BFD5-4B87-888E-32CA0634CD92}
		{5C97E5DB-65AA-4A51-9467-B37C52C7567A} = {C0A39256-BFD5-4B87-888E-32CA0634CD92}
		{50E26CBD-4236-4A2B-94E0-902DCB4D0BCC} = {02EA681E-C7D8-13C7-8484-4AC65E1B71E8}
		{944AE16F-AD7D-465D-9A3C-11A58FB19A48} = {50E26CBD-4236-4A2B-94E0-902DCB4D0BCC}
		{E5FF993A-1AE8-4DC1-A888-52385B277887} = {50E26CBD-4236-4A2B-94E0-902DCB4D0BCC}
		{E3414549-C050-46F0-B489-46B6451533DE} = {50E26CBD-4236-4A2B-94E0-902DCB4D0BCC}
		{80B91438-7E74-4C7E-A8DF-C540E1A2448E} = {50E26CBD-4236-4A2B-94E0-902DCB4D0BCC}
		{80F23525-CBDB-4749-AA70-A9595181CDDC} = {02EA681E-C7D8-13C7-8484-4AC65E1B71E8}
		{C017BD80-5696-42E3-A647-CDF976FFA590} = {80F23525-CBDB-4749-AA70-A9595181CDDC}
		{49EBE809-24F1-4AF7-B08D-B69B5698B626} = {80F23525-CBDB-4749-AA70-A9595181CDDC}
		{2E932853-9A10-4948-AF0B-D6231E2BDE07} = {80F23525-CBDB-4749-AA70-A9595181CDDC}
		{3047D647-F1EF-4A11-B16D-303443EDB778} = {80F23525-CBDB-4749-AA70-A9595181CDDC}
		{C4D6D74E-B00F-4146-BA94-E43A42CA0E02} = {104C3F00-7B0D-4622-BE44-853250B85A8C}
		{825AEB0A-3A4A-449C-896D-4208DA7B4C6A} = {104C3F00-7B0D-4622-BE44-853250B85A8C}
		{EB3922B1-4905-4BA8-9925-58686E986F70} = {92729766-CD6A-477C-9D13-5B7672454BC0}
		{2E93840C-4105-D4A8-9D2A-DB7ABC4795E0} = {104C3F00-7B0D-4622-BE44-853250B85A8C}
		{D5941B5D-ACE8-48B9-A8C1-34AB1E960A83} = {92729766-CD6A-477C-9D13-5B7672454BC0}
	EndGlobalSection
	GlobalSection(ExtensibilityGlobals) = postSolution
		SolutionGuid = {343D905B-384E-440B-9523-10E4BBC36425}
	EndGlobalSection
EndGlobal
